
Microsoft Visual Studio Solution File, Format Version 12.00
# Visual Studio Version 17
VisualStudioVersion = 17.0.32014.148
MinimumVisualStudioVersion = 10.0.40219.1
Project("{FAE04EC0-301F-11D3-BF4B-00C04F79EFBC}") = "WebApplication3", "WebApplication3\WebApplication3.csproj", "{4321AEA1-1329-4E6F-917D-BD0E91F7491F}"
EndProject
Global
	GlobalSection(SolutionConfigurationPlatforms) = preSolution
		Debug|Any CPU = Debug|Any CPU
		Release|Any CPU = Release|Any CPU
	EndGlobalSection
	GlobalSection(ProjectConfigurationPlatforms) = postSolution
		{4321AEA1-1329-4E6F-917D-BD0E91F7491F}.Debug|Any CPU.ActiveCfg = Debug|Any CPU
		{4321AEA1-1329-4E6F-917D-BD0E91F7491F}.Debug|Any CPU.Build.0 = Debug|Any CPU
		{4321AEA1-1329-4E6F-917D-BD0E91F7491F}.Release|Any CPU.ActiveCfg = Release|Any CPU
		{4321AEA1-1329-4E6F-917D-BD0E91F7491F}.Release|Any CPU.Build.0 = Release|Any CPU
	EndGlobalSection
	GlobalSection(SolutionProperties) = preSolution
		HideSolutionNode = FALSE
	EndGlobalSection
	GlobalSection(ExtensibilityGlobals) = postSolution
		SolutionGuid = {B612EC6B-D6A2-4D15-9BE2-938C2C4A06A4}
	EndGlobalSection
EndGlobal
